
Microsoft Visual Studio Solution File, Format Version 12.00
# Visual Studio Version 17
VisualStudioVersion = 17.0.31903.59
MinimumVisualStudioVersion = 10.0.40219.1
Project("{2150E333-8FDC-42A3-9474-1A3956D46DE8}") = "src", "src", "{827E0CD3-B72D-47B6-A68D-7590B98EB39B}"
EndProject
Project("{FAE04EC0-301F-11D3-BF4B-00C04F79EFBC}") = "GeoCare.Api", "src\GeoCare.Api\GeoCare.Api.csproj", "{DBABDB8B-1C5C-4922-B3E0-E3245B4854FC}"
EndProject
Project("{FAE04EC0-301F-11D3-BF4B-00C04F79EFBC}") = "GeoCare.Core", "src\GeoCare.Core\GeoCare.Core.csproj", "{14646040-BBA2-4617-BF55-2FC461663EF4}"
EndProject
Project("{FAE04EC0-301F-11D3-BF4B-00C04F79EFBC}") = "GeoCare.Infrastructure", "src\GeoCare.Infrastructure\GeoCare.Infrastructure.csproj", "{55E99F0B-96C7-499C-AA0B-CFB82AFE767A}"
EndProject
Global
	GlobalSection(SolutionConfigurationPlatforms) = preSolution
		Debug|Any CPU = Debug|Any CPU
		Debug|x64 = Debug|x64
		Debug|x86 = Debug|x86
		Release|Any CPU = Release|Any CPU
		Release|x64 = Release|x64
		Release|x86 = Release|x86
	EndGlobalSection
	GlobalSection(ProjectConfigurationPlatforms) = postSolution
		{DBABDB8B-1C5C-4922-B3E0-E3245B4854FC}.Debug|Any CPU.ActiveCfg = Debug|Any CPU
		{DBABDB8B-1C5C-4922-B3E0-E3245B4854FC}.Debug|Any CPU.Build.0 = Debug|Any CPU
		{DBABDB8B-1C5C-4922-B3E0-E3245B4854FC}.Debug|x64.ActiveCfg = Debug|Any CPU
		{DBABDB8B-1C5C-4922-B3E0-E3245B4854FC}.Debug|x64.Build.0 = Debug|Any CPU
		{DBABDB8B-1C5C-4922-B3E0-E3245B4854FC}.Debug|x86.ActiveCfg = Debug|Any CPU
		{DBABDB8B-1C5C-4922-B3E0-E3245B4854FC}.Debug|x86.Build.0 = Debug|Any CPU
		{DBABDB8B-1C5C-4922-B3E0-E3245B4854FC}.Release|Any CPU.ActiveCfg = Release|Any CPU
		{DBABDB8B-1C5C-4922-B3E0-E3245B4854FC}.Release|Any CPU.Build.0 = Release|Any CPU
		{DBABDB8B-1C5C-4922-B3E0-E3245B4854FC}.Release|x64.ActiveCfg = Release|Any CPU
		{DBABDB8B-1C5C-4922-B3E0-E3245B4854FC}.Release|x64.Build.0 = Release|Any CPU
		{DBABDB8B-1C5C-4922-B3E0-E3245B4854FC}.Release|x86.ActiveCfg = Release|Any CPU
		{DBABDB8B-1C5C-4922-B3E0-E3245B4854FC}.Release|x86.Build.0 = Release|Any CPU
		{14646040-BBA2-4617-BF55-2FC461663EF4}.Debug|Any CPU.ActiveCfg = Debug|Any CPU
		{14646040-BBA2-4617-BF55-2FC461663EF4}.Debug|Any CPU.Build.0 = Debug|Any CPU
		{14646040-BBA2-4617-BF55-2FC461663EF4}.Debug|x64.ActiveCfg = Debug|Any CPU
		{14646040-BBA2-4617-BF55-2FC461663EF4}.Debug|x64.Build.0 = Debug|Any CPU
		{14646040-BBA2-4617-BF55-2FC461663EF4}.Debug|x86.ActiveCfg = Debug|Any CPU
		{14646040-BBA2-4617-BF55-2FC461663EF4}.Debug|x86.Build.0 = Debug|Any CPU
		{14646040-BBA2-4617-BF55-2FC461663EF4}.Release|Any CPU.ActiveCfg = Release|Any CPU
		{14646040-BBA2-4617-BF55-2FC461663EF4}.Release|Any CPU.Build.0 = Release|Any CPU
		{14646040-BBA2-4617-BF55-2FC461663EF4}.Release|x64.ActiveCfg = Release|Any CPU
		{14646040-BBA2-4617-BF55-2FC461663EF4}.Release|x64.Build.0 = Release|Any CPU
		{14646040-BBA2-4617-BF55-2FC461663EF4}.Release|x86.ActiveCfg = Release|Any CPU
		{14646040-BBA2-4617-BF55-2FC461663EF4}.Release|x86.Build.0 = Release|Any CPU
		{55E99F0B-96C7-499C-AA0B-CFB82AFE767A}.Debug|Any CPU.ActiveCfg = Debug|Any CPU
		{55E99F0B-96C7-499C-AA0B-CFB82AFE767A}.Debug|Any CPU.Build.0 = Debug|Any CPU
		{55E99F0B-96C7-499C-AA0B-CFB82AFE767A}.Debug|x64.ActiveCfg = Debug|Any CPU
		{55E99F0B-96C7-499C-AA0B-CFB82AFE767A}.Debug|x64.Build.0 = Debug|Any CPU
		{55E99F0B-96C7-499C-AA0B-CFB82AFE767A}.Debug|x86.ActiveCfg = Debug|Any CPU
		{55E99F0B-96C7-499C-AA0B-CFB82AFE767A}.Debug|x86.Build.0 = Debug|Any CPU
		{55E99F0B-96C7-499C-AA0B-CFB82AFE767A}.Release|Any CPU.ActiveCfg = Release|Any CPU
		{55E99F0B-96C7-499C-AA0B-CFB82AFE767A}.Release|Any CPU.Build.0 = Release|Any CPU
		{55E99F0B-96C7-499C-AA0B-CFB82AFE767A}.Release|x64.ActiveCfg = Release|Any CPU
		{55E99F0B-96C7-499C-AA0B-CFB82AFE767A}.Release|x64.Build.0 = Release|Any CPU
		{55E99F0B-96C7-499C-AA0B-CFB82AFE767A}.Release|x86.ActiveCfg = Release|Any CPU
		{55E99F0B-96C7-499C-AA0B-CFB82AFE767A}.Release|x86.Build.0 = Release|Any CPU
	EndGlobalSection
	GlobalSection(SolutionProperties) = preSolution
		HideSolutionNode = FALSE
	EndGlobalSection
	GlobalSection(NestedProjects) = preSolution
		{DBABDB8B-1C5C-4922-B3E0-E3245B4854FC} = {827E0CD3-B72D-47B6-A68D-7590B98EB39B}
		{14646040-BBA2-4617-BF55-2FC461663EF4} = {827E0CD3-B72D-47B6-A68D-7590B98EB39B}
		{55E99F0B-96C7-499C-AA0B-CFB82AFE767A} = {827E0CD3-B72D-47B6-A68D-7590B98EB39B}
	EndGlobalSection
EndGlobal
